
Microsoft Visual Studio Solution File, Format Version 12.00
# Visual Studio Version 16
VisualStudioVersion = 16.0.29806.167
MinimumVisualStudioVersion = 10.0.40219.1
Project("{9A19103F-16F7-4668-BE54-9A1E7A4F7556}") = "Impact.Core", "Impact.Core\Impact.Core.csproj", "{1DAF4292-10E7-458A-B852-660F8B3043B4}"
EndProject
Project("{9A19103F-16F7-4668-BE54-9A1E7A4F7556}") = "Impact.Consumer", "Impact.Consumer\Impact.Consumer.csproj", "{7E42527E-EC75-4A0D-815D-40176D17276B}"
EndProject
Project("{9A19103F-16F7-4668-BE54-9A1E7A4F7556}") = "Impact.Provider", "Impact.Provider\Impact.Provider.csproj", "{CDE4BC65-C346-4655-B049-0796B6EA45BF}"
EndProject
Project("{2150E333-8FDC-42A3-9474-1A3956D46DE8}") = "Tests", "Tests", "{15968E33-B4C6-46E2-BAC1-4E031BE48DBF}"
EndProject
Project("{9A19103F-16F7-4668-BE54-9A1E7A4F7556}") = "Impact.Consumer.Tests", "Tests\Impact.Consumer.Tests\Impact.Consumer.Tests.csproj", "{BB3A32D8-F5FA-433B-ACE4-317EECCFB1B9}"
EndProject
Project("{9A19103F-16F7-4668-BE54-9A1E7A4F7556}") = "Impact.Provider.Tests", "Tests\Impact.Provider.Tests\Impact.Provider.Tests.csproj", "{6D102903-2EA2-4DDA-97C2-663C9AA0B5F3}"
EndProject
Project("{9A19103F-16F7-4668-BE54-9A1E7A4F7556}") = "Impact.Tests.Shared", "Tests\Impact.Tests.Shared\Impact.Tests.Shared.csproj", "{07F22C42-8D1C-4A0E-91BA-A9C3F00C7381}"
EndProject
Project("{9A19103F-16F7-4668-BE54-9A1E7A4F7556}") = "Impact.Core.Tests", "Tests\Impact.Core.Tests\Impact.Core.Tests.csproj", "{F1DD9383-9E5D-4217-B57E-74D34350E5D4}"
EndProject
Project("{9A19103F-16F7-4668-BE54-9A1E7A4F7556}") = "Impact.Core.Payload.Json", "Impact.Core.Payload.Json\Impact.Core.Payload.Json.csproj", "{AE325475-D124-429E-93A8-320C104288B9}"
EndProject
Project("{9A19103F-16F7-4668-BE54-9A1E7A4F7556}") = "Impact.Core.Transport.Http", "Impact.Core.Transport.Http\Impact.Core.Transport.Http.csproj", "{69D033C9-4062-4796-B4D9-BDDD7C8C4483}"
EndProject
Project("{9A19103F-16F7-4668-BE54-9A1E7A4F7556}") = "Impact.Consumer.Transport.Http", "Impact.Consumer.Transport.Http\Impact.Consumer.Transport.Http.csproj", "{1BFB20C2-B70F-4BB1-9087-FBA9ADF22837}"
EndProject
Project("{9A19103F-16F7-4668-BE54-9A1E7A4F7556}") = "Impact.Provider.Transport.Http", "Impact.Provider.Transport.Http\Impact.Provider.Transport.Http.csproj", "{9A3AE9E0-710A-4E06-A55C-94E73EF3A943}"
EndProject
Project("{9A19103F-16F7-4668-BE54-9A1E7A4F7556}") = "Impact.Core.Payload.Protobuf", "Impact.Core.Payload.Protobuf\Impact.Core.Payload.Protobuf.csproj", "{3BFBDE32-6F1C-462D-AE25-91C8FD9522BE}"
EndProject
Project("{2150E333-8FDC-42A3-9474-1A3956D46DE8}") = "Samples", "Samples", "{CCCE313E-F7E3-48B6-A9AB-F2E57F3822FF}"
EndProject
Project("{2150E333-8FDC-42A3-9474-1A3956D46DE8}") = "JsonOverHttp", "JsonOverHttp", "{92FE52A0-F061-47F7-9567-174DF6927223}"
EndProject
Project("{2150E333-8FDC-42A3-9474-1A3956D46DE8}") = "ProtobufOverHttp", "ProtobufOverHttp", "{CB5234FA-795F-4A09-B091-88E32E830E6A}"
EndProject
Project("{9A19103F-16F7-4668-BE54-9A1E7A4F7556}") = "Impact.Samples.JsonOverHttp.Provider", "Samples\JsonOverHttp\Impact.Samples.JsonOverHttp.Provider\Impact.Samples.JsonOverHttp.Provider.csproj", "{F8E469C7-C006-47E9-A687-92944D4FA319}"
EndProject
Project("{9A19103F-16F7-4668-BE54-9A1E7A4F7556}") = "Impact.Samples.JsonOverHttp.Consumer", "Samples\JsonOverHttp\Impact.Samples.JsonOverHttp.Consumer\Impact.Samples.JsonOverHttp.Consumer.csproj", "{357BA0E9-AC3E-415D-B430-BE36DEDAD953}"
EndProject
Project("{9A19103F-16F7-4668-BE54-9A1E7A4F7556}") = "Impact.Samples.JsonOverHttp.Consumer.Tests", "Samples\JsonOverHttp\Impact.Samples.JsonOverHttp.Consumer.Tests\Impact.Samples.JsonOverHttp.Consumer.Tests.csproj", "{FD6A6590-ADBC-4B59-A8A2-396DB9F311D6}"
EndProject
Project("{9A19103F-16F7-4668-BE54-9A1E7A4F7556}") = "Impact.Samples.JsonOverHttp.Provider.Tests", "Samples\JsonOverHttp\Impact.Samples.JsonOverHttp.Provider.Tests\Impact.Samples.JsonOverHttp.Provider.Tests.csproj", "{11B10194-A801-41E5-9AA9-72B0111E4F6D}"
EndProject
Project("{9A19103F-16F7-4668-BE54-9A1E7A4F7556}") = "Impact.Samples.ProtobufOverHttp.Consumer", "Samples\ProtobufOverHttp\Impact.Samples.ProtobufOverHttp.Consumer\Impact.Samples.ProtobufOverHttp.Consumer.csproj", "{0DAF2391-852B-4168-973B-75EE14565908}"
EndProject
Project("{9A19103F-16F7-4668-BE54-9A1E7A4F7556}") = "Impact.Samples.ProtobufOverHttp.Consumer.Tests", "Samples\ProtobufOverHttp\Impact.Samples.ProtobufOverHttp.Consumer.Tests\Impact.Samples.ProtobufOverHttp.Consumer.Tests.csproj", "{7D07AF3F-98E2-44B8-93FC-996318A4B181}"
EndProject
Project("{9A19103F-16F7-4668-BE54-9A1E7A4F7556}") = "Impact.Samples.ProtobufOverHttp.Provider", "Samples\ProtobufOverHttp\Impact.Samples.ProtobufOverHttp.Provider\Impact.Samples.ProtobufOverHttp.Provider.csproj", "{77B6256E-7365-41D2-9233-A2A50897B5A6}"
EndProject
Project("{9A19103F-16F7-4668-BE54-9A1E7A4F7556}") = "Impact.Samples.ProtobufOverHttp.Provider.Tests", "Samples\ProtobufOverHttp\Impact.Samples.ProtobufOverHttp.Provider.Tests\Impact.Samples.ProtobufOverHttp.Provider.Tests.csproj", "{729C9570-052D-48E4-A259-21651709C0FB}"
EndProject
Project("{2150E333-8FDC-42A3-9474-1A3956D46DE8}") = "Solution Items", "Solution Items", "{FB9C4B11-4C9B-404A-BF62-DF4AE1F2EBB1}"
	ProjectSection(SolutionItems) = preProject
		Directory.build.props = Directory.build.props
	EndProjectSection
EndProject
Global
	GlobalSection(SolutionConfigurationPlatforms) = preSolution
		Debug|Any CPU = Debug|Any CPU
		Release|Any CPU = Release|Any CPU
	EndGlobalSection
	GlobalSection(ProjectConfigurationPlatforms) = postSolution
		{1DAF4292-10E7-458A-B852-660F8B3043B4}.Debug|Any CPU.ActiveCfg = Debug|Any CPU
		{1DAF4292-10E7-458A-B852-660F8B3043B4}.Debug|Any CPU.Build.0 = Debug|Any CPU
		{1DAF4292-10E7-458A-B852-660F8B3043B4}.Release|Any CPU.ActiveCfg = Release|Any CPU
		{1DAF4292-10E7-458A-B852-660F8B3043B4}.Release|Any CPU.Build.0 = Release|Any CPU
		{7E42527E-EC75-4A0D-815D-40176D17276B}.Debug|Any CPU.ActiveCfg = Debug|Any CPU
		{7E42527E-EC75-4A0D-815D-40176D17276B}.Debug|Any CPU.Build.0 = Debug|Any CPU
		{7E42527E-EC75-4A0D-815D-40176D17276B}.Release|Any CPU.ActiveCfg = Release|Any CPU
		{7E42527E-EC75-4A0D-815D-40176D17276B}.Release|Any CPU.Build.0 = Release|Any CPU
		{CDE4BC65-C346-4655-B049-0796B6EA45BF}.Debug|Any CPU.ActiveCfg = Debug|Any CPU
		{CDE4BC65-C346-4655-B049-0796B6EA45BF}.Debug|Any CPU.Build.0 = Debug|Any CPU
		{CDE4BC65-C346-4655-B049-0796B6EA45BF}.Release|Any CPU.ActiveCfg = Release|Any CPU
		{CDE4BC65-C346-4655-B049-0796B6EA45BF}.Release|Any CPU.Build.0 = Release|Any CPU
		{BB3A32D8-F5FA-433B-ACE4-317EECCFB1B9}.Debug|Any CPU.ActiveCfg = Debug|Any CPU
		{BB3A32D8-F5FA-433B-ACE4-317EECCFB1B9}.Debug|Any CPU.Build.0 = Debug|Any CPU
		{BB3A32D8-F5FA-433B-ACE4-317EECCFB1B9}.Release|Any CPU.ActiveCfg = Release|Any CPU
		{BB3A32D8-F5FA-433B-ACE4-317EECCFB1B9}.Release|Any CPU.Build.0 = Release|Any CPU
		{6D102903-2EA2-4DDA-97C2-663C9AA0B5F3}.Debug|Any CPU.ActiveCfg = Debug|Any CPU
		{6D102903-2EA2-4DDA-97C2-663C9AA0B5F3}.Debug|Any CPU.Build.0 = Debug|Any CPU
		{6D102903-2EA2-4DDA-97C2-663C9AA0B5F3}.Release|Any CPU.ActiveCfg = Release|Any CPU
		{6D102903-2EA2-4DDA-97C2-663C9AA0B5F3}.Release|Any CPU.Build.0 = Release|Any CPU
		{07F22C42-8D1C-4A0E-91BA-A9C3F00C7381}.Debug|Any CPU.ActiveCfg = Debug|Any CPU
		{07F22C42-8D1C-4A0E-91BA-A9C3F00C7381}.Debug|Any CPU.Build.0 = Debug|Any CPU
		{07F22C42-8D1C-4A0E-91BA-A9C3F00C7381}.Release|Any CPU.ActiveCfg = Release|Any CPU
		{07F22C42-8D1C-4A0E-91BA-A9C3F00C7381}.Release|Any CPU.Build.0 = Release|Any CPU
		{F1DD9383-9E5D-4217-B57E-74D34350E5D4}.Debug|Any CPU.ActiveCfg = Debug|Any CPU
		{F1DD9383-9E5D-4217-B57E-74D34350E5D4}.Debug|Any CPU.Build.0 = Debug|Any CPU
		{F1DD9383-9E5D-4217-B57E-74D34350E5D4}.Release|Any CPU.ActiveCfg = Release|Any CPU
		{F1DD9383-9E5D-4217-B57E-74D34350E5D4}.Release|Any CPU.Build.0 = Release|Any CPU
		{AE325475-D124-429E-93A8-320C104288B9}.Debug|Any CPU.ActiveCfg = Debug|Any CPU
		{AE325475-D124-429E-93A8-320C104288B9}.Debug|Any CPU.Build.0 = Debug|Any CPU
		{AE325475-D124-429E-93A8-320C104288B9}.Release|Any CPU.ActiveCfg = Release|Any CPU
		{AE325475-D124-429E-93A8-320C104288B9}.Release|Any CPU.Build.0 = Release|Any CPU
		{69D033C9-4062-4796-B4D9-BDDD7C8C4483}.Debug|Any CPU.ActiveCfg = Debug|Any CPU
		{69D033C9-4062-4796-B4D9-BDDD7C8C4483}.Debug|Any CPU.Build.0 = Debug|Any CPU
		{69D033C9-4062-4796-B4D9-BDDD7C8C4483}.Release|Any CPU.ActiveCfg = Release|Any CPU
		{69D033C9-4062-4796-B4D9-BDDD7C8C4483}.Release|Any CPU.Build.0 = Release|Any CPU
		{1BFB20C2-B70F-4BB1-9087-FBA9ADF22837}.Debug|Any CPU.ActiveCfg = Debug|Any CPU
		{1BFB20C2-B70F-4BB1-9087-FBA9ADF22837}.Debug|Any CPU.Build.0 = Debug|Any CPU
		{1BFB20C2-B70F-4BB1-9087-FBA9ADF22837}.Release|Any CPU.ActiveCfg = Release|Any CPU
		{1BFB20C2-B70F-4BB1-9087-FBA9ADF22837}.Release|Any CPU.Build.0 = Release|Any CPU
		{9A3AE9E0-710A-4E06-A55C-94E73EF3A943}.Debug|Any CPU.ActiveCfg = Debug|Any CPU
		{9A3AE9E0-710A-4E06-A55C-94E73EF3A943}.Debug|Any CPU.Build.0 = Debug|Any CPU
		{9A3AE9E0-710A-4E06-A55C-94E73EF3A943}.Release|Any CPU.ActiveCfg = Release|Any CPU
		{9A3AE9E0-710A-4E06-A55C-94E73EF3A943}.Release|Any CPU.Build.0 = Release|Any CPU
		{3BFBDE32-6F1C-462D-AE25-91C8FD9522BE}.Debug|Any CPU.ActiveCfg = Debug|Any CPU
		{3BFBDE32-6F1C-462D-AE25-91C8FD9522BE}.Debug|Any CPU.Build.0 = Debug|Any CPU
		{3BFBDE32-6F1C-462D-AE25-91C8FD9522BE}.Release|Any CPU.ActiveCfg = Release|Any CPU
		{3BFBDE32-6F1C-462D-AE25-91C8FD9522BE}.Release|Any CPU.Build.0 = Release|Any CPU
		{F8E469C7-C006-47E9-A687-92944D4FA319}.Debug|Any CPU.ActiveCfg = Debug|Any CPU
		{F8E469C7-C006-47E9-A687-92944D4FA319}.Debug|Any CPU.Build.0 = Debug|Any CPU
		{F8E469C7-C006-47E9-A687-92944D4FA319}.Release|Any CPU.ActiveCfg = Release|Any CPU
		{F8E469C7-C006-47E9-A687-92944D4FA319}.Release|Any CPU.Build.0 = Release|Any CPU
		{357BA0E9-AC3E-415D-B430-BE36DEDAD953}.Debug|Any CPU.ActiveCfg = Debug|Any CPU
		{357BA0E9-AC3E-415D-B430-BE36DEDAD953}.Debug|Any CPU.Build.0 = Debug|Any CPU
		{357BA0E9-AC3E-415D-B430-BE36DEDAD953}.Release|Any CPU.ActiveCfg = Release|Any CPU
		{357BA0E9-AC3E-415D-B430-BE36DEDAD953}.Release|Any CPU.Build.0 = Release|Any CPU
		{FD6A6590-ADBC-4B59-A8A2-396DB9F311D6}.Debug|Any CPU.ActiveCfg = Debug|Any CPU
		{FD6A6590-ADBC-4B59-A8A2-396DB9F311D6}.Debug|Any CPU.Build.0 = Debug|Any CPU
		{FD6A6590-ADBC-4B59-A8A2-396DB9F311D6}.Release|Any CPU.ActiveCfg = Release|Any CPU
		{FD6A6590-ADBC-4B59-A8A2-396DB9F311D6}.Release|Any CPU.Build.0 = Release|Any CPU
		{11B10194-A801-41E5-9AA9-72B0111E4F6D}.Debug|Any CPU.ActiveCfg = Debug|Any CPU
		{11B10194-A801-41E5-9AA9-72B0111E4F6D}.Debug|Any CPU.Build.0 = Debug|Any CPU
		{11B10194-A801-41E5-9AA9-72B0111E4F6D}.Release|Any CPU.ActiveCfg = Release|Any CPU
		{11B10194-A801-41E5-9AA9-72B0111E4F6D}.Release|Any CPU.Build.0 = Release|Any CPU
		{0DAF2391-852B-4168-973B-75EE14565908}.Debug|Any CPU.ActiveCfg = Debug|Any CPU
		{0DAF2391-852B-4168-973B-75EE14565908}.Debug|Any CPU.Build.0 = Debug|Any CPU
		{0DAF2391-852B-4168-973B-75EE14565908}.Release|Any CPU.ActiveCfg = Release|Any CPU
		{0DAF2391-852B-4168-973B-75EE14565908}.Release|Any CPU.Build.0 = Release|Any CPU
		{7D07AF3F-98E2-44B8-93FC-996318A4B181}.Debug|Any CPU.ActiveCfg = Debug|Any CPU
		{7D07AF3F-98E2-44B8-93FC-996318A4B181}.Debug|Any CPU.Build.0 = Debug|Any CPU
		{7D07AF3F-98E2-44B8-93FC-996318A4B181}.Release|Any CPU.ActiveCfg = Release|Any CPU
		{7D07AF3F-98E2-44B8-93FC-996318A4B181}.Release|Any CPU.Build.0 = Release|Any CPU
		{77B6256E-7365-41D2-9233-A2A50897B5A6}.Debug|Any CPU.ActiveCfg = Debug|Any CPU
		{77B6256E-7365-41D2-9233-A2A50897B5A6}.Debug|Any CPU.Build.0 = Debug|Any CPU
		{77B6256E-7365-41D2-9233-A2A50897B5A6}.Release|Any CPU.ActiveCfg = Release|Any CPU
		{77B6256E-7365-41D2-9233-A2A50897B5A6}.Release|Any CPU.Build.0 = Release|Any CPU
		{729C9570-052D-48E4-A259-21651709C0FB}.Debug|Any CPU.ActiveCfg = Debug|Any CPU
		{729C9570-052D-48E4-A259-21651709C0FB}.Debug|Any CPU.Build.0 = Debug|Any CPU
		{729C9570-052D-48E4-A259-21651709C0FB}.Release|Any CPU.ActiveCfg = Release|Any CPU
		{729C9570-052D-48E4-A259-21651709C0FB}.Release|Any CPU.Build.0 = Release|Any CPU
	EndGlobalSection
	GlobalSection(SolutionProperties) = preSolution
		HideSolutionNode = FALSE
	EndGlobalSection
	GlobalSection(NestedProjects) = preSolution
		{BB3A32D8-F5FA-433B-ACE4-317EECCFB1B9} = {15968E33-B4C6-46E2-BAC1-4E031BE48DBF}
		{6D102903-2EA2-4DDA-97C2-663C9AA0B5F3} = {15968E33-B4C6-46E2-BAC1-4E031BE48DBF}
		{07F22C42-8D1C-4A0E-91BA-A9C3F00C7381} = {15968E33-B4C6-46E2-BAC1-4E031BE48DBF}
		{F1DD9383-9E5D-4217-B57E-74D34350E5D4} = {15968E33-B4C6-46E2-BAC1-4E031BE48DBF}
		{92FE52A0-F061-47F7-9567-174DF6927223} = {CCCE313E-F7E3-48B6-A9AB-F2E57F3822FF}
		{CB5234FA-795F-4A09-B091-88E32E830E6A} = {CCCE313E-F7E3-48B6-A9AB-F2E57F3822FF}
		{F8E469C7-C006-47E9-A687-92944D4FA319} = {92FE52A0-F061-47F7-9567-174DF6927223}
		{357BA0E9-AC3E-415D-B430-BE36DEDAD953} = {92FE52A0-F061-47F7-9567-174DF6927223}
		{FD6A6590-ADBC-4B59-A8A2-396DB9F311D6} = {92FE52A0-F061-47F7-9567-174DF6927223}
		{11B10194-A801-41E5-9AA9-72B0111E4F6D} = {92FE52A0-F061-47F7-9567-174DF6927223}
		{0DAF2391-852B-4168-973B-75EE14565908} = {CB5234FA-795F-4A09-B091-88E32E830E6A}
		{7D07AF3F-98E2-44B8-93FC-996318A4B181} = {CB5234FA-795F-4A09-B091-88E32E830E6A}
		{77B6256E-7365-41D2-9233-A2A50897B5A6} = {CB5234FA-795F-4A09-B091-88E32E830E6A}
		{729C9570-052D-48E4-A259-21651709C0FB} = {CB5234FA-795F-4A09-B091-88E32E830E6A}
	EndGlobalSection
	GlobalSection(ExtensibilityGlobals) = postSolution
		SolutionGuid = {31B0589A-E8A9-4614-AD95-AF66850E9BA2}
	EndGlobalSection
EndGlobal
