
Microsoft Visual Studio Solution File, Format Version 12.00
# Visual Studio 15
VisualStudioVersion = 15.0.28307.645
MinimumVisualStudioVersion = 10.0.40219.1
Project("{9A19103F-16F7-4668-BE54-9A1E7A4F7556}") = "Impact.Core", "Impact.Core\Impact.Core.csproj", "{1DAF4292-10E7-458A-B852-660F8B3043B4}"
EndProject
Project("{9A19103F-16F7-4668-BE54-9A1E7A4F7556}") = "Impact.Consumer", "Impact.Consumer\Impact.Consumer.csproj", "{7E42527E-EC75-4A0D-815D-40176D17276B}"
EndProject
Project("{9A19103F-16F7-4668-BE54-9A1E7A4F7556}") = "Impact.Provider", "Impact.Provider\Impact.Provider.csproj", "{CDE4BC65-C346-4655-B049-0796B6EA45BF}"
EndProject
Project("{2150E333-8FDC-42A3-9474-1A3956D46DE8}") = "Tests", "Tests", "{15968E33-B4C6-46E2-BAC1-4E031BE48DBF}"
EndProject
Project("{9A19103F-16F7-4668-BE54-9A1E7A4F7556}") = "Impact.Consumer.Tests", "Tests\Impact.Consumer.Tests\Impact.Consumer.Tests.csproj", "{BB3A32D8-F5FA-433B-ACE4-317EECCFB1B9}"
EndProject
Project("{9A19103F-16F7-4668-BE54-9A1E7A4F7556}") = "Impact.Provider.Tests", "Tests\Impact.Provider.Tests\Impact.Provider.Tests.csproj", "{6D102903-2EA2-4DDA-97C2-663C9AA0B5F3}"
EndProject
Project("{9A19103F-16F7-4668-BE54-9A1E7A4F7556}") = "Impact.Tests.Shared", "Tests\Impact.Tests.Shared\Impact.Tests.Shared.csproj", "{07F22C42-8D1C-4A0E-91BA-A9C3F00C7381}"
EndProject
Project("{FAE04EC0-301F-11D3-BF4B-00C04F79EFBC}") = "Impact.Core.Tests", "Tests\Impact.Core.Tests\Impact.Core.Tests.csproj", "{F1DD9383-9E5D-4217-B57E-74D34350E5D4}"
EndProject
Global
	GlobalSection(SolutionConfigurationPlatforms) = preSolution
		Debug|Any CPU = Debug|Any CPU
		Release|Any CPU = Release|Any CPU
	EndGlobalSection
	GlobalSection(ProjectConfigurationPlatforms) = postSolution
		{1DAF4292-10E7-458A-B852-660F8B3043B4}.Debug|Any CPU.ActiveCfg = Debug|Any CPU
		{1DAF4292-10E7-458A-B852-660F8B3043B4}.Debug|Any CPU.Build.0 = Debug|Any CPU
		{1DAF4292-10E7-458A-B852-660F8B3043B4}.Release|Any CPU.ActiveCfg = Release|Any CPU
		{1DAF4292-10E7-458A-B852-660F8B3043B4}.Release|Any CPU.Build.0 = Release|Any CPU
		{7E42527E-EC75-4A0D-815D-40176D17276B}.Debug|Any CPU.ActiveCfg = Debug|Any CPU
		{7E42527E-EC75-4A0D-815D-40176D17276B}.Debug|Any CPU.Build.0 = Debug|Any CPU
		{7E42527E-EC75-4A0D-815D-40176D17276B}.Release|Any CPU.ActiveCfg = Release|Any CPU
		{7E42527E-EC75-4A0D-815D-40176D17276B}.Release|Any CPU.Build.0 = Release|Any CPU
		{CDE4BC65-C346-4655-B049-0796B6EA45BF}.Debug|Any CPU.ActiveCfg = Debug|Any CPU
		{CDE4BC65-C346-4655-B049-0796B6EA45BF}.Debug|Any CPU.Build.0 = Debug|Any CPU
		{CDE4BC65-C346-4655-B049-0796B6EA45BF}.Release|Any CPU.ActiveCfg = Release|Any CPU
		{CDE4BC65-C346-4655-B049-0796B6EA45BF}.Release|Any CPU.Build.0 = Release|Any CPU
		{BB3A32D8-F5FA-433B-ACE4-317EECCFB1B9}.Debug|Any CPU.ActiveCfg = Debug|Any CPU
		{BB3A32D8-F5FA-433B-ACE4-317EECCFB1B9}.Debug|Any CPU.Build.0 = Debug|Any CPU
		{BB3A32D8-F5FA-433B-ACE4-317EECCFB1B9}.Release|Any CPU.ActiveCfg = Release|Any CPU
		{BB3A32D8-F5FA-433B-ACE4-317EECCFB1B9}.Release|Any CPU.Build.0 = Release|Any CPU
		{6D102903-2EA2-4DDA-97C2-663C9AA0B5F3}.Debug|Any CPU.ActiveCfg = Debug|Any CPU
		{6D102903-2EA2-4DDA-97C2-663C9AA0B5F3}.Debug|Any CPU.Build.0 = Debug|Any CPU
		{6D102903-2EA2-4DDA-97C2-663C9AA0B5F3}.Release|Any CPU.ActiveCfg = Release|Any CPU
		{6D102903-2EA2-4DDA-97C2-663C9AA0B5F3}.Release|Any CPU.Build.0 = Release|Any CPU
		{07F22C42-8D1C-4A0E-91BA-A9C3F00C7381}.Debug|Any CPU.ActiveCfg = Debug|Any CPU
		{07F22C42-8D1C-4A0E-91BA-A9C3F00C7381}.Debug|Any CPU.Build.0 = Debug|Any CPU
		{07F22C42-8D1C-4A0E-91BA-A9C3F00C7381}.Release|Any CPU.ActiveCfg = Release|Any CPU
		{07F22C42-8D1C-4A0E-91BA-A9C3F00C7381}.Release|Any CPU.Build.0 = Release|Any CPU
		{F1DD9383-9E5D-4217-B57E-74D34350E5D4}.Debug|Any CPU.ActiveCfg = Debug|Any CPU
		{F1DD9383-9E5D-4217-B57E-74D34350E5D4}.Debug|Any CPU.Build.0 = Debug|Any CPU
		{F1DD9383-9E5D-4217-B57E-74D34350E5D4}.Release|Any CPU.ActiveCfg = Release|Any CPU
		{F1DD9383-9E5D-4217-B57E-74D34350E5D4}.Release|Any CPU.Build.0 = Release|Any CPU
	EndGlobalSection
	GlobalSection(SolutionProperties) = preSolution
		HideSolutionNode = FALSE
	EndGlobalSection
	GlobalSection(NestedProjects) = preSolution
		{BB3A32D8-F5FA-433B-ACE4-317EECCFB1B9} = {15968E33-B4C6-46E2-BAC1-4E031BE48DBF}
		{6D102903-2EA2-4DDA-97C2-663C9AA0B5F3} = {15968E33-B4C6-46E2-BAC1-4E031BE48DBF}
		{07F22C42-8D1C-4A0E-91BA-A9C3F00C7381} = {15968E33-B4C6-46E2-BAC1-4E031BE48DBF}
		{F1DD9383-9E5D-4217-B57E-74D34350E5D4} = {15968E33-B4C6-46E2-BAC1-4E031BE48DBF}
	EndGlobalSection
	GlobalSection(ExtensibilityGlobals) = postSolution
		SolutionGuid = {31B0589A-E8A9-4614-AD95-AF66850E9BA2}
	EndGlobalSection
EndGlobal
